
Microsoft Visual Studio Solution File, Format Version 10.00
# Visual Studio 2008
Project("{E24C65DC-7377-472B-9ABA-BC803B73C61A}") = "claim_processing_system", "F:\Projects\claim_processing_system\", "{85B88994-F07C-4529-9441-77504B965F7D}"
	ProjectSection(WebsiteProperties) = preProject
		TargetFramework = "3.5"
		Debug.AspNetCompiler.VirtualPath = "/claim_processing_system"
		Debug.AspNetCompiler.PhysicalPath = "F:\Projects\claim_processing_system\"
		Debug.AspNetCompiler.TargetPath = "PrecompiledWeb\claim_processing_system\"
		Debug.AspNetCompiler.Updateable = "true"
		Debug.AspNetCompiler.ForceOverwrite = "true"
		Debug.AspNetCompiler.FixedNames = "false"
		Debug.AspNetCompiler.Debug = "True"
		Release.AspNetCompiler.VirtualPath = "/claim_processing_system"
		Release.AspNetCompiler.PhysicalPath = "F:\Projects\claim_processing_system\"
		Release.AspNetCompiler.TargetPath = "PrecompiledWeb\claim_processing_system\"
		Release.AspNetCompiler.Updateable = "true"
		Release.AspNetCompiler.ForceOverwrite = "true"
		Release.AspNetCompiler.FixedNames = "false"
		Release.AspNetCompiler.Debug = "False"
		VWDPort = "2858"
		DefaultWebSiteLanguage = "Visual C#"
	EndProjectSection
EndProject
Global
	GlobalSection(SolutionConfigurationPlatforms) = preSolution
		Debug|.NET = Debug|.NET
	EndGlobalSection
	GlobalSection(ProjectConfigurationPlatforms) = postSolution
		{85B88994-F07C-4529-9441-77504B965F7D}.Debug|.NET.ActiveCfg = Debug|.NET
		{85B88994-F07C-4529-9441-77504B965F7D}.Debug|.NET.Build.0 = Debug|.NET
	EndGlobalSection
	GlobalSection(SolutionProperties) = preSolution
		HideSolutionNode = FALSE
	EndGlobalSection
EndGlobal
